// !$*UTF8*$!
{
	archiveVersion = 1;
	classes = {
	};
	objectVersion = 46;
	objects = {

/* Begin PBXBuildFile section */
		A87F55C81C4FD78000A25379 /* main.cpp in Sources */ = {isa = PBXBuildFile; fileRef = A87F55C71C4FD78000A25379 /* main.cpp */; };
		A87F55CF1C4FD88600A25379 /* OpenGL.framework in Frameworks */ = {isa = PBXBuildFile; fileRef = A87F55CE1C4FD88600A25379 /* OpenGL.framework */; };
		A87F55D11C4FDA5200A25379 /* libGLEW.1.12.0.dylib in Frameworks */ = {isa = PBXBuildFile; fileRef = A87F55D01C4FDA5200A25379 /* libGLEW.1.12.0.dylib */; };
		A87F55D31C4FDA6F00A25379 /* libglfw3.3.1.dylib in Frameworks */ = {isa = PBXBuildFile; fileRef = A87F55D21C4FDA6F00A25379 /* libglfw3.3.1.dylib */; };
/* End PBXBuildFile section */

/* Begin PBXCopyFilesBuildPhase section */
		A87F55C21C4FD78000A25379 /* CopyFiles */ = {
			isa = PBXCopyFilesBuildPhase;
			buildActionMask = 2147483647;
			dstPath = /usr/share/man/man1/;
			dstSubfolderSpec = 0;
			files = (
			);
			runOnlyForDeploymentPostprocessing = 1;
		};
/* End PBXCopyFilesBuildPhase section */

/* Begin PBXFileReference section */
		A87F55C41C4FD78000A25379 /* OpenGLSkeletonCode */ = {isa = PBXFileReference; explicitFileType = "compiled.mach-o.executable"; includeInIndex = 0; path = OpenGLSkeletonCode; sourceTree = BUILT_PRODUCTS_DIR; };
		A87F55C71C4FD78000A25379 /* main.cpp */ = {isa = PBXFileReference; lastKnownFileType = sourcecode.cpp.cpp; path = main.cpp; sourceTree = "<group>"; };
		A87F55CE1C4FD88600A25379 /* OpenGL.framework */ = {isa = PBXFileReference; lastKnownFileType = wrapper.framework; name = OpenGL.framework; path = System/Library/Frameworks/OpenGL.framework; sourceTree = SDKROOT; };
		A87F55D01C4FDA5200A25379 /* libGLEW.1.12.0.dylib */ = {isa = PBXFileReference; lastKnownFileType = "compiled.mach-o.dylib"; name = libGLEW.1.12.0.dylib; path = ../../../../../../usr/local/Cellar/glew/1.12.0/lib/libGLEW.1.12.0.dylib; sourceTree = "<group>"; };
		A87F55D21C4FDA6F00A25379 /* libglfw3.3.1.dylib */ = {isa = PBXFileReference; lastKnownFileType = "compiled.mach-o.dylib"; name = libglfw3.3.1.dylib; path = ../../../../../../usr/local/Cellar/glfw3/3.1.2/lib/libglfw3.3.1.dylib; sourceTree = "<group>"; };
/* End PBXFileReference section */

/* Begin PBXFrameworksBuildPhase section */
		A87F55C11C4FD78000A25379 /* Frameworks */ = {
			isa = PBXFrameworksBuildPhase;
			buildActionMask = 2147483647;
			files = (
				A87F55D31C4FDA6F00A25379 /* libglfw3.3.1.dylib in Frameworks */,
				A87F55D11C4FDA5200A25379 /* libGLEW.1.12.0.dylib in Frameworks */,
				A87F55CF1C4FD88600A25379 /* OpenGL.framework in Frameworks */,
			);
			runOnlyForDeploymentPostprocessing = 0;
		};
/* End PBXFrameworksBuildPhase section */

/* Begin PBXGroup section */
		A87F55BB1C4FD78000A25379 = {
			isa = PBXGroup;
			children = (
				A87F55D21C4FDA6F00A25379 /* libglfw3.3.1.dylib */,
				A87F55D01C4FDA5200A25379 /* libGLEW.1.12.0.dylib */,
				A87F55CE1C4FD88600A25379 /* OpenGL.framework */,
				A87F55C61C4FD78000A25379 /* OpenGLSkeletonCode */,
				A87F55C51C4FD78000A25379 /* Products */,
			);
			sourceTree = "<group>";
		};
		A87F55C51C4FD78000A25379 /* Products */ = {
			isa = PBXGroup;
			children = (
				A87F55C41C4FD78000A25379 /* OpenGLSkeletonCode */,
			);
			name = Products;
			sourceTree = "<group>";
		};
		A87F55C61C4FD78000A25379 /* OpenGLSkeletonCode */ = {
			isa = PBXGroup;
			children = (
				A87F55C71C4FD78000A25379 /* main.cpp */,
			);
			path = OpenGLSkeletonCode;
			sourceTree = "<group>";
		};
/* End PBXGroup section */

/* Begin PBXNativeTarget section */
		A87F55C31C4FD78000A25379 /* OpenGLSkeletonCode */ = {
			isa = PBXNativeTarget;
			buildConfigurationList = A87F55CB1C4FD78000A25379 /* Build configuration list for PBXNativeTarget "OpenGLSkeletonCode" */;
			buildPhases = (
				A87F55C01C4FD78000A25379 /* Sources */,
				A87F55C11C4FD78000A25379 /* Frameworks */,
				A87F55C21C4FD78000A25379 /* CopyFiles */,
			);
			buildRules = (
			);
			dependencies = (
			);
			name = OpenGLSkeletonCode;
			productName = OpenGLSkeletonCode;
			productReference = A87F55C41C4FD78000A25379 /* OpenGLSkeletonCode */;
			productType = "com.apple.product-type.tool";
		};
/* End PBXNativeTarget section */

/* Begin PBXProject section */
		A87F55BC1C4FD78000A25379 /* Project object */ = {
			isa = PBXProject;
			attributes = {
				LastUpgradeCheck = 0720;
				ORGANIZATIONNAME = "Sri Raghu Malireddi";
				TargetAttributes = {
					A87F55C31C4FD78000A25379 = {
						CreatedOnToolsVersion = 7.2;
					};
				};
			};
			buildConfigurationList = A87F55BF1C4FD78000A25379 /* Build configuration list for PBXProject "OpenGLSkeletonCode" */;
			compatibilityVersion = "Xcode 3.2";
			developmentRegion = English;
			hasScannedForEncodings = 0;
			knownRegions = (
				en,
			);
			mainGroup = A87F55BB1C4FD78000A25379;
			productRefGroup = A87F55C51C4FD78000A25379 /* Products */;
			projectDirPath = "";
			projectRoot = "";
			targets = (
				A87F55C31C4FD78000A25379 /* OpenGLSkeletonCode */,
			);
		};
/* End PBXProject section */

/* Begin PBXSourcesBuildPhase section */
		A87F55C01C4FD78000A25379 /* Sources */ = {
			isa = PBXSourcesBuildPhase;
			buildActionMask = 2147483647;
			files = (
				A87F55C81C4FD78000A25379 /* main.cpp in Sources */,
			);
			runOnlyForDeploymentPostprocessing = 0;
		};
/* End PBXSourcesBuildPhase section */

/* Begin XCBuildConfiguration section */
		A87F55C91C4FD78000A25379 /* Debug */ = {
			isa = XCBuildConfiguration;
			buildSettings = {
				ALWAYS_SEARCH_USER_PATHS = NO;
				CLANG_CXX_LANGUAGE_STANDARD = "gnu++0x";
				CLANG_CXX_LIBRARY = "libc++";
				CLANG_ENABLE_MODULES = YES;
				CLANG_ENABLE_OBJC_ARC = YES;
				CLANG_WARN_BOOL_CONVERSION = YES;
				CLANG_WARN_CONSTANT_CONVERSION = YES;
				CLANG_WARN_DIRECT_OBJC_ISA_USAGE = YES_ERROR;
				CLANG_WARN_EMPTY_BODY = YES;
				CLANG_WARN_ENUM_CONVERSION = YES;
				CLANG_WARN_INT_CONVERSION = YES;
				CLANG_WARN_OBJC_ROOT_CLASS = YES_ERROR;
				CLANG_WARN_UNREACHABLE_CODE = YES;
				CLANG_WARN__DUPLICATE_METHOD_MATCH = YES;
				CODE_SIGN_IDENTITY = "-";
				COPY_PHASE_STRIP = NO;
				DEBUG_INFORMATION_FORMAT = dwarf;
				ENABLE_STRICT_OBJC_MSGSEND = YES;
				ENABLE_TESTABILITY = YES;
				GCC_C_LANGUAGE_STANDARD = gnu99;
				GCC_DYNAMIC_NO_PIC = NO;
				GCC_NO_COMMON_BLOCKS = YES;
				GCC_OPTIMIZATION_LEVEL = 0;
				GCC_PREPROCESSOR_DEFINITIONS = (
					"DEBUG=1",
					"$(inherited)",
				);
				GCC_WARN_64_TO_32_BIT_CONVERSION = YES;
				GCC_WARN_ABOUT_RETURN_TYPE = YES_ERROR;
				GCC_WARN_UNDECLARED_SELECTOR = YES;
				GCC_WARN_UNINITIALIZED_AUTOS = YES_AGGRESSIVE;
				GCC_WARN_UNUSED_FUNCTION = YES;
				GCC_WARN_UNUSED_VARIABLE = YES;
				MACOSX_DEPLOYMENT_TARGET = 10.10;
				MTL_ENABLE_DEBUG_INFO = YES;
				ONLY_ACTIVE_ARCH = YES;
				SDKROOT = macosx;
			};
			name = Debug;
		};
		A87F55CA1C4FD78000A25379 /* Release */ = {
			isa = XCBuildConfiguration;
			buildSettings = {
				ALWAYS_SEARCH_USER_PATHS = NO;
				CLANG_CXX_LANGUAGE_STANDARD = "gnu++0x";
				CLANG_CXX_LIBRARY = "libc++";
				CLANG_ENABLE_MODULES = YES;
				CLANG_ENABLE_OBJC_ARC = YES;
				CLANG_WARN_BOOL_CONVERSION = YES;
				CLANG_WARN_CONSTANT_CONVERSION = YES;
				CLANG_WARN_DIRECT_OBJC_ISA_USAGE = YES_ERROR;
				CLANG_WARN_EMPTY_BODY = YES;
				CLANG_WARN_ENUM_CONVERSION = YES;
				CLANG_WARN_INT_CONVERSION = YES;
				CLANG_WARN_OBJC_ROOT_CLASS = YES_ERROR;
				CLANG_WARN_UNREACHABLE_CODE = YES;
				CLANG_WARN__DUPLICATE_METHOD_MATCH = YES;
				CODE_SIGN_IDENTITY = "-";
				COPY_PHASE_STRIP = NO;
				DEBUG_INFORMATION_FORMAT = "dwarf-with-dsym";
				ENABLE_NS_ASSERTIONS = NO;
				ENABLE_STRICT_OBJC_MSGSEND = YES;
				GCC_C_LANGUAGE_STANDARD = gnu99;
				GCC_NO_COMMON_BLOCKS = YES;
				GCC_WARN_64_TO_32_BIT_CONVERSION = YES;
				GCC_WARN_ABOUT_RETURN_TYPE = YES_ERROR;
				GCC_WARN_UNDECLARED_SELECTOR = YES;
				GCC_WARN_UNINITIALIZED_AUTOS = YES_AGGRESSIVE;
				GCC_WARN_UNUSED_FUNCTION = YES;
				GCC_WARN_UNUSED_VARIABLE = YES;
				MACOSX_DEPLOYMENT_TARGET = 10.10;
				MTL_ENABLE_DEBUG_INFO = NO;
				SDKROOT = macosx;
			};
			name = Release;
		};
		A87F55CC1C4FD78000A25379 /* Debug */ = {
			isa = XCBuildConfiguration;
			buildSettings = {
				HEADER_SEARCH_PATHS = /usr/local/include;
				LIBRARY_SEARCH_PATHS = (
					"$(inherited)",
					/usr/local/Cellar/glew/1.12.0/lib,
					/usr/local/Cellar/glfw3/3.1.2/lib,
				);
				PRODUCT_NAME = "$(TARGET_NAME)";
			};
			name = Debug;
		};
		A87F55CD1C4FD78000A25379 /* Release */ = {
			isa = XCBuildConfiguration;
			buildSettings = {
				HEADER_SEARCH_PATHS = /usr/local/include;
				LIBRARY_SEARCH_PATHS = (
					"$(inherited)",
					/usr/local/Cellar/glew/1.12.0/lib,
					/usr/local/Cellar/glfw3/3.1.2/lib,
				);
				PRODUCT_NAME = "$(TARGET_NAME)";
			};
			name = Release;
		};
/* End XCBuildConfiguration section */

/* Begin XCConfigurationList section */
		A87F55BF1C4FD78000A25379 /* Build configuration list for PBXProject "OpenGLSkeletonCode" */ = {
			isa = XCConfigurationList;
			buildConfigurations = (
				A87F55C91C4FD78000A25379 /* Debug */,
				A87F55CA1C4FD78000A25379 /* Release */,
			);
			defaultConfigurationIsVisible = 0;
			defaultConfigurationName = Release;
		};
		A87F55CB1C4FD78000A25379 /* Build configuration list for PBXNativeTarget "OpenGLSkeletonCode" */ = {
			isa = XCConfigurationList;
			buildConfigurations = (
				A87F55CC1C4FD78000A25379 /* Debug */,
				A87F55CD1C4FD78000A25379 /* Release */,
			);
			defaultConfigurationIsVisible = 0;
		};
/* End XCConfigurationList section */
	};
	rootObject = A87F55BC1C4FD78000A25379 /* Project object */;
}
